// !$*UTF8*$!
{
	archiveVersion = 1;
	classes = {
	};
	objectVersion = 56;
	objects = {

/* Begin PBXBuildFile section */
		A191C590292C090500FB2D24 /* CryptoLiveApp.swift in Sources */ = {isa = PBXBuildFile; fileRef = A191C58F292C090500FB2D24 /* CryptoLiveApp.swift */; };
		A191C594292C090700FB2D24 /* Assets.xcassets in Resources */ = {isa = PBXBuildFile; fileRef = A191C593292C090700FB2D24 /* Assets.xcassets */; };
		A191C597292C090700FB2D24 /* Preview Assets.xcassets in Resources */ = {isa = PBXBuildFile; fileRef = A191C596292C090700FB2D24 /* Preview Assets.xcassets */; };
		A191C5A7292C0B5100FB2D24 /* HomeView.swift in Sources */ = {isa = PBXBuildFile; fileRef = A191C5A6292C0B5100FB2D24 /* HomeView.swift */; };
		A191C5A9292C0CCE00FB2D24 /* TopMoversView.swift in Sources */ = {isa = PBXBuildFile; fileRef = A191C5A8292C0CCE00FB2D24 /* TopMoversView.swift */; };
		A191C5AB292C0CDD00FB2D24 /* TopMoversItemView.swift in Sources */ = {isa = PBXBuildFile; fileRef = A191C5AA292C0CDD00FB2D24 /* TopMoversItemView.swift */; };
		A191C5AD292C10F900FB2D24 /* AllCoinsView.swift in Sources */ = {isa = PBXBuildFile; fileRef = A191C5AC292C10F900FB2D24 /* AllCoinsView.swift */; };
		A191C5AF292C110100FB2D24 /* CoinRowView.swift in Sources */ = {isa = PBXBuildFile; fileRef = A191C5AE292C110100FB2D24 /* CoinRowView.swift */; };
		A191C5B1292C182100FB2D24 /* HomeViewModel.swift in Sources */ = {isa = PBXBuildFile; fileRef = A191C5B0292C182100FB2D24 /* HomeViewModel.swift */; };
		A191C5B3292C1CEC00FB2D24 /* Coin.swift in Sources */ = {isa = PBXBuildFile; fileRef = A191C5B2292C1CEC00FB2D24 /* Coin.swift */; };
		A191C5B6292C268200FB2D24 /* Kingfisher in Frameworks */ = {isa = PBXBuildFile; productRef = A191C5B5292C268200FB2D24 /* Kingfisher */; };
		A191C5B8292C274F00FB2D24 /* Double.swift in Sources */ = {isa = PBXBuildFile; fileRef = A191C5B7292C274F00FB2D24 /* Double.swift */; };
/* End PBXBuildFile section */

/* Begin PBXFileReference section */
		A191C58C292C090500FB2D24 /* cryptolive.app */ = {isa = PBXFileReference; explicitFileType = wrapper.application; includeInIndex = 0; path = cryptolive.app; sourceTree = BUILT_PRODUCTS_DIR; };
		A191C58F292C090500FB2D24 /* CryptoLiveApp.swift */ = {isa = PBXFileReference; lastKnownFileType = sourcecode.swift; path = CryptoLiveApp.swift; sourceTree = "<group>"; };
		A191C593292C090700FB2D24 /* Assets.xcassets */ = {isa = PBXFileReference; lastKnownFileType = folder.assetcatalog; path = Assets.xcassets; sourceTree = "<group>"; };
		A191C596292C090700FB2D24 /* Preview Assets.xcassets */ = {isa = PBXFileReference; lastKnownFileType = folder.assetcatalog; path = "Preview Assets.xcassets"; sourceTree = "<group>"; };
		A191C5A6292C0B5100FB2D24 /* HomeView.swift */ = {isa = PBXFileReference; lastKnownFileType = sourcecode.swift; path = HomeView.swift; sourceTree = "<group>"; };
		A191C5A8292C0CCE00FB2D24 /* TopMoversView.swift */ = {isa = PBXFileReference; lastKnownFileType = sourcecode.swift; path = TopMoversView.swift; sourceTree = "<group>"; };
		A191C5AA292C0CDD00FB2D24 /* TopMoversItemView.swift */ = {isa = PBXFileReference; lastKnownFileType = sourcecode.swift; path = TopMoversItemView.swift; sourceTree = "<group>"; };
		A191C5AC292C10F900FB2D24 /* AllCoinsView.swift */ = {isa = PBXFileReference; lastKnownFileType = sourcecode.swift; path = AllCoinsView.swift; sourceTree = "<group>"; };
		A191C5AE292C110100FB2D24 /* CoinRowView.swift */ = {isa = PBXFileReference; lastKnownFileType = sourcecode.swift; path = CoinRowView.swift; sourceTree = "<group>"; };
		A191C5B0292C182100FB2D24 /* HomeViewModel.swift */ = {isa = PBXFileReference; lastKnownFileType = sourcecode.swift; path = HomeViewModel.swift; sourceTree = "<group>"; };
		A191C5B2292C1CEC00FB2D24 /* Coin.swift */ = {isa = PBXFileReference; lastKnownFileType = sourcecode.swift; path = Coin.swift; sourceTree = "<group>"; };
		A191C5B7292C274F00FB2D24 /* Double.swift */ = {isa = PBXFileReference; lastKnownFileType = sourcecode.swift; path = Double.swift; sourceTree = "<group>"; };
/* End PBXFileReference section */

/* Begin PBXFrameworksBuildPhase section */
		A191C589292C090500FB2D24 /* Frameworks */ = {
			isa = PBXFrameworksBuildPhase;
			buildActionMask = 2147483647;
			files = (
				A191C5B6292C268200FB2D24 /* Kingfisher in Frameworks */,
			);
			runOnlyForDeploymentPostprocessing = 0;
		};
/* End PBXFrameworksBuildPhase section */

/* Begin PBXGroup section */
		A191C583292C090500FB2D24 = {
			isa = PBXGroup;
			children = (
				A191C58E292C090500FB2D24 /* cryptolive */,
				A191C58D292C090500FB2D24 /* Products */,
			);
			sourceTree = "<group>";
		};
		A191C58D292C090500FB2D24 /* Products */ = {
			isa = PBXGroup;
			children = (
				A191C58C292C090500FB2D24 /* cryptolive.app */,
			);
			name = Products;
			sourceTree = "<group>";
		};
		A191C58E292C090500FB2D24 /* cryptolive */ = {
			isa = PBXGroup;
			children = (
				A191C5A2292C0A8200FB2D24 /* App */,
				A191C5A1292C0A7D00FB2D24 /* Core */,
				A191C5A0292C0A7B00FB2D24 /* Models */,
				A191C59F292C0A7900FB2D24 /* Utils */,
				A191C59D292C0A6D00FB2D24 /* Extensions */,
				A191C593292C090700FB2D24 /* Assets.xcassets */,
				A191C595292C090700FB2D24 /* Preview Content */,
			);
			path = cryptolive;
			sourceTree = "<group>";
		};
		A191C595292C090700FB2D24 /* Preview Content */ = {
			isa = PBXGroup;
			children = (
				A191C596292C090700FB2D24 /* Preview Assets.xcassets */,
			);
			path = "Preview Content";
			sourceTree = "<group>";
		};
		A191C59D292C0A6D00FB2D24 /* Extensions */ = {
			isa = PBXGroup;
			children = (
				A191C5B7292C274F00FB2D24 /* Double.swift */,
			);
			path = Extensions;
			sourceTree = "<group>";
		};
		A191C59F292C0A7900FB2D24 /* Utils */ = {
			isa = PBXGroup;
			children = (
			);
			path = Utils;
			sourceTree = "<group>";
		};
		A191C5A0292C0A7B00FB2D24 /* Models */ = {
			isa = PBXGroup;
			children = (
				A191C5B2292C1CEC00FB2D24 /* Coin.swift */,
			);
			path = Models;
			sourceTree = "<group>";
		};
		A191C5A1292C0A7D00FB2D24 /* Core */ = {
			isa = PBXGroup;
			children = (
				A191C5A3292C0B0900FB2D24 /* Home */,
			);
			path = Core;
			sourceTree = "<group>";
		};
		A191C5A2292C0A8200FB2D24 /* App */ = {
			isa = PBXGroup;
			children = (
				A191C58F292C090500FB2D24 /* CryptoLiveApp.swift */,
			);
			path = App;
			sourceTree = "<group>";
		};
		A191C5A3292C0B0900FB2D24 /* Home */ = {
			isa = PBXGroup;
			children = (
				A191C5A4292C0B4100FB2D24 /* Views */,
				A191C5A5292C0B4500FB2D24 /* ViewModels */,
			);
			path = Home;
			sourceTree = "<group>";
		};
		A191C5A4292C0B4100FB2D24 /* Views */ = {
			isa = PBXGroup;
			children = (
				A191C5A6292C0B5100FB2D24 /* HomeView.swift */,
				A191C5A8292C0CCE00FB2D24 /* TopMoversView.swift */,
				A191C5AA292C0CDD00FB2D24 /* TopMoversItemView.swift */,
				A191C5AC292C10F900FB2D24 /* AllCoinsView.swift */,
				A191C5AE292C110100FB2D24 /* CoinRowView.swift */,
			);
			path = Views;
			sourceTree = "<group>";
		};
		A191C5A5292C0B4500FB2D24 /* ViewModels */ = {
			isa = PBXGroup;
			children = (
				A191C5B0292C182100FB2D24 /* HomeViewModel.swift */,
			);
			path = ViewModels;
			sourceTree = "<group>";
		};
/* End PBXGroup section */

/* Begin PBXNativeTarget section */
		A191C58B292C090500FB2D24 /* cryptolive */ = {
			isa = PBXNativeTarget;
			buildConfigurationList = A191C59A292C090700FB2D24 /* Build configuration list for PBXNativeTarget "cryptolive" */;
			buildPhases = (
				A191C588292C090500FB2D24 /* Sources */,
				A191C589292C090500FB2D24 /* Frameworks */,
				A191C58A292C090500FB2D24 /* Resources */,
			);
			buildRules = (
			);
			dependencies = (
			);
			name = cryptolive;
			packageProductDependencies = (
				A191C5B5292C268200FB2D24 /* Kingfisher */,
			);
			productName = cryptolive;
			productReference = A191C58C292C090500FB2D24 /* cryptolive.app */;
			productType = "com.apple.product-type.application";
		};
/* End PBXNativeTarget section */

/* Begin PBXProject section */
		A191C584292C090500FB2D24 /* Project object */ = {
			isa = PBXProject;
			attributes = {
				BuildIndependentTargetsInParallel = 1;
				LastSwiftUpdateCheck = 1400;
				LastUpgradeCheck = 1400;
				TargetAttributes = {
					A191C58B292C090500FB2D24 = {
						CreatedOnToolsVersion = 14.0;
					};
				};
			};
			buildConfigurationList = A191C587292C090500FB2D24 /* Build configuration list for PBXProject "cryptolive" */;
			compatibilityVersion = "Xcode 14.0";
			developmentRegion = en;
			hasScannedForEncodings = 0;
			knownRegions = (
				en,
				Base,
			);
			mainGroup = A191C583292C090500FB2D24;
			packageReferences = (
				A191C5B4292C268200FB2D24 /* XCRemoteSwiftPackageReference "Kingfisher" */,
			);
			productRefGroup = A191C58D292C090500FB2D24 /* Products */;
			projectDirPath = "";
			projectRoot = "";
			targets = (
				A191C58B292C090500FB2D24 /* cryptolive */,
			);
		};
/* End PBXProject section */

/* Begin PBXResourcesBuildPhase section */
		A191C58A292C090500FB2D24 /* Resources */ = {
			isa = PBXResourcesBuildPhase;
			buildActionMask = 2147483647;
			files = (
				A191C597292C090700FB2D24 /* Preview Assets.xcassets in Resources */,
				A191C594292C090700FB2D24 /* Assets.xcassets in Resources */,
			);
			runOnlyForDeploymentPostprocessing = 0;
		};
/* End PBXResourcesBuildPhase section */

/* Begin PBXSourcesBuildPhase section */
		A191C588292C090500FB2D24 /* Sources */ = {
			isa = PBXSourcesBuildPhase;
			buildActionMask = 2147483647;
			files = (
				A191C5AF292C110100FB2D24 /* CoinRowView.swift in Sources */,
				A191C5A7292C0B5100FB2D24 /* HomeView.swift in Sources */,
				A191C5B1292C182100FB2D24 /* HomeViewModel.swift in Sources */,
				A191C5A9292C0CCE00FB2D24 /* TopMoversView.swift in Sources */,
				A191C5AD292C10F900FB2D24 /* AllCoinsView.swift in Sources */,
				A191C590292C090500FB2D24 /* CryptoLiveApp.swift in Sources */,
				A191C5B3292C1CEC00FB2D24 /* Coin.swift in Sources */,
				A191C5B8292C274F00FB2D24 /* Double.swift in Sources */,
				A191C5AB292C0CDD00FB2D24 /* TopMoversItemView.swift in Sources */,
			);
			runOnlyForDeploymentPostprocessing = 0;
		};
/* End PBXSourcesBuildPhase section */

/* Begin XCBuildConfiguration section */
		A191C598292C090700FB2D24 /* Debug */ = {
			isa = XCBuildConfiguration;
			buildSettings = {
				ALWAYS_SEARCH_USER_PATHS = NO;
				CLANG_ANALYZER_NONNULL = YES;
				CLANG_ANALYZER_NUMBER_OBJECT_CONVERSION = YES_AGGRESSIVE;
				CLANG_CXX_LANGUAGE_STANDARD = "gnu++20";
				CLANG_ENABLE_MODULES = YES;
				CLANG_ENABLE_OBJC_ARC = YES;
				CLANG_ENABLE_OBJC_WEAK = YES;
				CLANG_WARN_BLOCK_CAPTURE_AUTORELEASING = YES;
				CLANG_WARN_BOOL_CONVERSION = YES;
				CLANG_WARN_COMMA = YES;
				CLANG_WARN_CONSTANT_CONVERSION = YES;
				CLANG_WARN_DEPRECATED_OBJC_IMPLEMENTATIONS = YES;
				CLANG_WARN_DIRECT_OBJC_ISA_USAGE = YES_ERROR;
				CLANG_WARN_DOCUMENTATION_COMMENTS = YES;
				CLANG_WARN_EMPTY_BODY = YES;
				CLANG_WARN_ENUM_CONVERSION = YES;
				CLANG_WARN_INFINITE_RECURSION = YES;
				CLANG_WARN_INT_CONVERSION = YES;
				CLANG_WARN_NON_LITERAL_NULL_CONVERSION = YES;
				CLANG_WARN_OBJC_IMPLICIT_RETAIN_SELF = YES;
				CLANG_WARN_OBJC_LITERAL_CONVERSION = YES;
				CLANG_WARN_OBJC_ROOT_CLASS = YES_ERROR;
				CLANG_WARN_QUOTED_INCLUDE_IN_FRAMEWORK_HEADER = YES;
				CLANG_WARN_RANGE_LOOP_ANALYSIS = YES;
				CLANG_WARN_STRICT_PROTOTYPES = YES;
				CLANG_WARN_SUSPICIOUS_MOVE = YES;
				CLANG_WARN_UNGUARDED_AVAILABILITY = YES_AGGRESSIVE;
				CLANG_WARN_UNREACHABLE_CODE = YES;
				CLANG_WARN__DUPLICATE_METHOD_MATCH = YES;
				COPY_PHASE_STRIP = NO;
				DEBUG_INFORMATION_FORMAT = dwarf;
				ENABLE_STRICT_OBJC_MSGSEND = YES;
				ENABLE_TESTABILITY = YES;
				GCC_C_LANGUAGE_STANDARD = gnu11;
				GCC_DYNAMIC_NO_PIC = NO;
				GCC_NO_COMMON_BLOCKS = YES;
				GCC_OPTIMIZATION_LEVEL = 0;
				GCC_PREPROCESSOR_DEFINITIONS = (
					"DEBUG=1",
					"$(inherited)",
				);
				GCC_WARN_64_TO_32_BIT_CONVERSION = YES;
				GCC_WARN_ABOUT_RETURN_TYPE = YES_ERROR;
				GCC_WARN_UNDECLARED_SELECTOR = YES;
				GCC_WARN_UNINITIALIZED_AUTOS = YES_AGGRESSIVE;
				GCC_WARN_UNUSED_FUNCTION = YES;
				GCC_WARN_UNUSED_VARIABLE = YES;
				IPHONEOS_DEPLOYMENT_TARGET = 16.0;
				MTL_ENABLE_DEBUG_INFO = INCLUDE_SOURCE;
				MTL_FAST_MATH = YES;
				ONLY_ACTIVE_ARCH = YES;
				SDKROOT = iphoneos;
				SWIFT_ACTIVE_COMPILATION_CONDITIONS = DEBUG;
				SWIFT_OPTIMIZATION_LEVEL = "-Onone";
			};
			name = Debug;
		};
		A191C599292C090700FB2D24 /* Release */ = {
			isa = XCBuildConfiguration;
			buildSettings = {
				ALWAYS_SEARCH_USER_PATHS = NO;
				CLANG_ANALYZER_NONNULL = YES;
				CLANG_ANALYZER_NUMBER_OBJECT_CONVERSION = YES_AGGRESSIVE;
				CLANG_CXX_LANGUAGE_STANDARD = "gnu++20";
				CLANG_ENABLE_MODULES = YES;
				CLANG_ENABLE_OBJC_ARC = YES;
				CLANG_ENABLE_OBJC_WEAK = YES;
				CLANG_WARN_BLOCK_CAPTURE_AUTORELEASING = YES;
				CLANG_WARN_BOOL_CONVERSION = YES;
				CLANG_WARN_COMMA = YES;
				CLANG_WARN_CONSTANT_CONVERSION = YES;
				CLANG_WARN_DEPRECATED_OBJC_IMPLEMENTATIONS = YES;
				CLANG_WARN_DIRECT_OBJC_ISA_USAGE = YES_ERROR;
				CLANG_WARN_DOCUMENTATION_COMMENTS = YES;
				CLANG_WARN_EMPTY_BODY = YES;
				CLANG_WARN_ENUM_CONVERSION = YES;
				CLANG_WARN_INFINITE_RECURSION = YES;
				CLANG_WARN_INT_CONVERSION = YES;
				CLANG_WARN_NON_LITERAL_NULL_CONVERSION = YES;
				CLANG_WARN_OBJC_IMPLICIT_RETAIN_SELF = YES;
				CLANG_WARN_OBJC_LITERAL_CONVERSION = YES;
				CLANG_WARN_OBJC_ROOT_CLASS = YES_ERROR;
				CLANG_WARN_QUOTED_INCLUDE_IN_FRAMEWORK_HEADER = YES;
				CLANG_WARN_RANGE_LOOP_ANALYSIS = YES;
				CLANG_WARN_STRICT_PROTOTYPES = YES;
				CLANG_WARN_SUSPICIOUS_MOVE = YES;
				CLANG_WARN_UNGUARDED_AVAILABILITY = YES_AGGRESSIVE;
				CLANG_WARN_UNREACHABLE_CODE = YES;
				CLANG_WARN__DUPLICATE_METHOD_MATCH = YES;
				COPY_PHASE_STRIP = NO;
				DEBUG_INFORMATION_FORMAT = "dwarf-with-dsym";
				ENABLE_NS_ASSERTIONS = NO;
				ENABLE_STRICT_OBJC_MSGSEND = YES;
				GCC_C_LANGUAGE_STANDARD = gnu11;
				GCC_NO_COMMON_BLOCKS = YES;
				GCC_WARN_64_TO_32_BIT_CONVERSION = YES;
				GCC_WARN_ABOUT_RETURN_TYPE = YES_ERROR;
				GCC_WARN_UNDECLARED_SELECTOR = YES;
				GCC_WARN_UNINITIALIZED_AUTOS = YES_AGGRESSIVE;
				GCC_WARN_UNUSED_FUNCTION = YES;
				GCC_WARN_UNUSED_VARIABLE = YES;
				IPHONEOS_DEPLOYMENT_TARGET = 16.0;
				MTL_ENABLE_DEBUG_INFO = NO;
				MTL_FAST_MATH = YES;
				SDKROOT = iphoneos;
				SWIFT_COMPILATION_MODE = wholemodule;
				SWIFT_OPTIMIZATION_LEVEL = "-O";
				VALIDATE_PRODUCT = YES;
			};
			name = Release;
		};
		A191C59B292C090700FB2D24 /* Debug */ = {
			isa = XCBuildConfiguration;
			buildSettings = {
				ASSETCATALOG_COMPILER_APPICON_NAME = AppIcon;
				ASSETCATALOG_COMPILER_GLOBAL_ACCENT_COLOR_NAME = AccentColor;
				CODE_SIGN_STYLE = Automatic;
				CURRENT_PROJECT_VERSION = 1;
				DEVELOPMENT_ASSET_PATHS = "\"cryptolive/Preview Content\"";
				DEVELOPMENT_TEAM = JF8DW7C5A2;
				ENABLE_PREVIEWS = YES;
				GENERATE_INFOPLIST_FILE = YES;
				INFOPLIST_KEY_UIApplicationSceneManifest_Generation = YES;
				INFOPLIST_KEY_UIApplicationSupportsIndirectInputEvents = YES;
				INFOPLIST_KEY_UILaunchScreen_Generation = YES;
				INFOPLIST_KEY_UISupportedInterfaceOrientations_iPad = "UIInterfaceOrientationPortrait UIInterfaceOrientationPortraitUpsideDown UIInterfaceOrientationLandscapeLeft UIInterfaceOrientationLandscapeRight";
				INFOPLIST_KEY_UISupportedInterfaceOrientations_iPhone = "UIInterfaceOrientationPortrait UIInterfaceOrientationLandscapeLeft UIInterfaceOrientationLandscapeRight";
				LD_RUNPATH_SEARCH_PATHS = (
					"$(inherited)",
					"@executable_path/Frameworks",
				);
				MARKETING_VERSION = 1.0;
				PRODUCT_BUNDLE_IDENTIFIER = com.ouwargui.cryptolive;
				PRODUCT_NAME = "$(TARGET_NAME)";
				SWIFT_EMIT_LOC_STRINGS = YES;
				SWIFT_VERSION = 5.0;
				TARGETED_DEVICE_FAMILY = "1,2";
			};
			name = Debug;
		};
		A191C59C292C090700FB2D24 /* Release */ = {
			isa = XCBuildConfiguration;
			buildSettings = {
				ASSETCATALOG_COMPILER_APPICON_NAME = AppIcon;
				ASSETCATALOG_COMPILER_GLOBAL_ACCENT_COLOR_NAME = AccentColor;
				CODE_SIGN_STYLE = Automatic;
				CURRENT_PROJECT_VERSION = 1;
				DEVELOPMENT_ASSET_PATHS = "\"cryptolive/Preview Content\"";
				DEVELOPMENT_TEAM = JF8DW7C5A2;
				ENABLE_PREVIEWS = YES;
				GENERATE_INFOPLIST_FILE = YES;
				INFOPLIST_KEY_UIApplicationSceneManifest_Generation = YES;
				INFOPLIST_KEY_UIApplicationSupportsIndirectInputEvents = YES;
				INFOPLIST_KEY_UILaunchScreen_Generation = YES;
				INFOPLIST_KEY_UISupportedInterfaceOrientations_iPad = "UIInterfaceOrientationPortrait UIInterfaceOrientationPortraitUpsideDown UIInterfaceOrientationLandscapeLeft UIInterfaceOrientationLandscapeRight";
				INFOPLIST_KEY_UISupportedInterfaceOrientations_iPhone = "UIInterfaceOrientationPortrait UIInterfaceOrientationLandscapeLeft UIInterfaceOrientationLandscapeRight";
				LD_RUNPATH_SEARCH_PATHS = (
					"$(inherited)",
					"@executable_path/Frameworks",
				);
				MARKETING_VERSION = 1.0;
				PRODUCT_BUNDLE_IDENTIFIER = com.ouwargui.cryptolive;
				PRODUCT_NAME = "$(TARGET_NAME)";
				SWIFT_EMIT_LOC_STRINGS = YES;
				SWIFT_VERSION = 5.0;
				TARGETED_DEVICE_FAMILY = "1,2";
			};
			name = Release;
		};
/* End XCBuildConfiguration section */

/* Begin XCConfigurationList section */
		A191C587292C090500FB2D24 /* Build configuration list for PBXProject "cryptolive" */ = {
			isa = XCConfigurationList;
			buildConfigurations = (
				A191C598292C090700FB2D24 /* Debug */,
				A191C599292C090700FB2D24 /* Release */,
			);
			defaultConfigurationIsVisible = 0;
			defaultConfigurationName = Release;
		};
		A191C59A292C090700FB2D24 /* Build configuration list for PBXNativeTarget "cryptolive" */ = {
			isa = XCConfigurationList;
			buildConfigurations = (
				A191C59B292C090700FB2D24 /* Debug */,
				A191C59C292C090700FB2D24 /* Release */,
			);
			defaultConfigurationIsVisible = 0;
			defaultConfigurationName = Release;
		};
/* End XCConfigurationList section */

/* Begin XCRemoteSwiftPackageReference section */
		A191C5B4292C268200FB2D24 /* XCRemoteSwiftPackageReference "Kingfisher" */ = {
			isa = XCRemoteSwiftPackageReference;
			repositoryURL = "https://github.com/onevcat/Kingfisher.git";
			requirement = {
				kind = upToNextMajorVersion;
				minimumVersion = 7.0.0;
			};
		};
/* End XCRemoteSwiftPackageReference section */

/* Begin XCSwiftPackageProductDependency section */
		A191C5B5292C268200FB2D24 /* Kingfisher */ = {
			isa = XCSwiftPackageProductDependency;
			package = A191C5B4292C268200FB2D24 /* XCRemoteSwiftPackageReference "Kingfisher" */;
			productName = Kingfisher;
		};
/* End XCSwiftPackageProductDependency section */
	};
	rootObject = A191C584292C090500FB2D24 /* Project object */;
}
